// !$*UTF8*$!
{
	archiveVersion = 1;
	classes = {
	};
	objectVersion = 51;
	objects = {

/* Begin PBXBuildFile section */
		1A1AC6CDD532FB730568DB4B /* Pods_ListOfUsers.framework in Frameworks */ = {isa = PBXBuildFile; fileRef = 5CCE10BDD3E8EBB599A02B91 /* Pods_ListOfUsers.framework */; };
		D3AF41A5238075EF00577455 /* ApiRequests.swift in Sources */ = {isa = PBXBuildFile; fileRef = D3AF41A4238075EF00577455 /* ApiRequests.swift */; };
		D3AF41AA23809F1C00577455 /* UserTableViewCell.swift in Sources */ = {isa = PBXBuildFile; fileRef = D3AF41A823809F1C00577455 /* UserTableViewCell.swift */; };
		D3AF41B02380BE5F00577455 /* ListUsersViewModel.swift in Sources */ = {isa = PBXBuildFile; fileRef = D3AF41AF2380BE5F00577455 /* ListUsersViewModel.swift */; };
		D3AF41B22380C2A500577455 /* UserPhoto.swift in Sources */ = {isa = PBXBuildFile; fileRef = D3AF41B12380C2A500577455 /* UserPhoto.swift */; };
		D3AF41B42380C2F600577455 /* UserPhotosManager.swift in Sources */ = {isa = PBXBuildFile; fileRef = D3AF41B32380C2F600577455 /* UserPhotosManager.swift */; };
		D3AF41B82380D23300577455 /* Extensions.swift in Sources */ = {isa = PBXBuildFile; fileRef = D3AF41B72380D23300577455 /* Extensions.swift */; };
		D3B836AC237F62F40048D0C1 /* AppDelegate.swift in Sources */ = {isa = PBXBuildFile; fileRef = D3B836AB237F62F40048D0C1 /* AppDelegate.swift */; };
		D3B836AE237F62F40048D0C1 /* SceneDelegate.swift in Sources */ = {isa = PBXBuildFile; fileRef = D3B836AD237F62F40048D0C1 /* SceneDelegate.swift */; };
		D3B836B0237F62F40048D0C1 /* ListUsersViewController.swift in Sources */ = {isa = PBXBuildFile; fileRef = D3B836AF237F62F40048D0C1 /* ListUsersViewController.swift */; };
		D3B836B3237F62F40048D0C1 /* Main.storyboard in Resources */ = {isa = PBXBuildFile; fileRef = D3B836B1237F62F40048D0C1 /* Main.storyboard */; };
		D3B836B5237F62F90048D0C1 /* Assets.xcassets in Resources */ = {isa = PBXBuildFile; fileRef = D3B836B4237F62F90048D0C1 /* Assets.xcassets */; };
		D3B836B8237F62F90048D0C1 /* LaunchScreen.storyboard in Resources */ = {isa = PBXBuildFile; fileRef = D3B836B6237F62F90048D0C1 /* LaunchScreen.storyboard */; };
		D3B836C0237F6CE40048D0C1 /* DetailUserViewController.swift in Sources */ = {isa = PBXBuildFile; fileRef = D3B836BF237F6CE40048D0C1 /* DetailUserViewController.swift */; };
		D3B836C3237F6D160048D0C1 /* ResponseModel.swift in Sources */ = {isa = PBXBuildFile; fileRef = D3B836C2237F6D160048D0C1 /* ResponseModel.swift */; };
/* End PBXBuildFile section */

/* Begin PBXFileReference section */
		5CCE10BDD3E8EBB599A02B91 /* Pods_ListOfUsers.framework */ = {isa = PBXFileReference; explicitFileType = wrapper.framework; includeInIndex = 0; path = Pods_ListOfUsers.framework; sourceTree = BUILT_PRODUCTS_DIR; };
		7404A3F48B216F3563DD312A /* Pods-ListOfUsers.release.xcconfig */ = {isa = PBXFileReference; includeInIndex = 1; lastKnownFileType = text.xcconfig; name = "Pods-ListOfUsers.release.xcconfig"; path = "Target Support Files/Pods-ListOfUsers/Pods-ListOfUsers.release.xcconfig"; sourceTree = "<group>"; };
		D3AF41A4238075EF00577455 /* ApiRequests.swift */ = {isa = PBXFileReference; lastKnownFileType = sourcecode.swift; path = ApiRequests.swift; sourceTree = "<group>"; };
		D3AF41A823809F1C00577455 /* UserTableViewCell.swift */ = {isa = PBXFileReference; lastKnownFileType = sourcecode.swift; path = UserTableViewCell.swift; sourceTree = "<group>"; };
		D3AF41AF2380BE5F00577455 /* ListUsersViewModel.swift */ = {isa = PBXFileReference; lastKnownFileType = sourcecode.swift; path = ListUsersViewModel.swift; sourceTree = "<group>"; };
		D3AF41B12380C2A500577455 /* UserPhoto.swift */ = {isa = PBXFileReference; lastKnownFileType = sourcecode.swift; path = UserPhoto.swift; sourceTree = "<group>"; };
		D3AF41B32380C2F600577455 /* UserPhotosManager.swift */ = {isa = PBXFileReference; lastKnownFileType = sourcecode.swift; path = UserPhotosManager.swift; sourceTree = "<group>"; };
		D3AF41B72380D23300577455 /* Extensions.swift */ = {isa = PBXFileReference; lastKnownFileType = sourcecode.swift; path = Extensions.swift; sourceTree = "<group>"; };
		D3B836A8237F62F40048D0C1 /* ListOfUsers.app */ = {isa = PBXFileReference; explicitFileType = wrapper.application; includeInIndex = 0; path = ListOfUsers.app; sourceTree = BUILT_PRODUCTS_DIR; };
		D3B836AB237F62F40048D0C1 /* AppDelegate.swift */ = {isa = PBXFileReference; lastKnownFileType = sourcecode.swift; path = AppDelegate.swift; sourceTree = "<group>"; };
		D3B836AD237F62F40048D0C1 /* SceneDelegate.swift */ = {isa = PBXFileReference; lastKnownFileType = sourcecode.swift; path = SceneDelegate.swift; sourceTree = "<group>"; };
		D3B836AF237F62F40048D0C1 /* ListUsersViewController.swift */ = {isa = PBXFileReference; lastKnownFileType = sourcecode.swift; path = ListUsersViewController.swift; sourceTree = "<group>"; };
		D3B836B2237F62F40048D0C1 /* Base */ = {isa = PBXFileReference; lastKnownFileType = file.storyboard; name = Base; path = Base.lproj/Main.storyboard; sourceTree = "<group>"; };
		D3B836B4237F62F90048D0C1 /* Assets.xcassets */ = {isa = PBXFileReference; lastKnownFileType = folder.assetcatalog; path = Assets.xcassets; sourceTree = "<group>"; };
		D3B836B7237F62F90048D0C1 /* Base */ = {isa = PBXFileReference; lastKnownFileType = file.storyboard; name = Base; path = Base.lproj/LaunchScreen.storyboard; sourceTree = "<group>"; };
		D3B836B9237F62F90048D0C1 /* Info.plist */ = {isa = PBXFileReference; lastKnownFileType = text.plist.xml; path = Info.plist; sourceTree = "<group>"; };
		D3B836BF237F6CE40048D0C1 /* DetailUserViewController.swift */ = {isa = PBXFileReference; lastKnownFileType = sourcecode.swift; path = DetailUserViewController.swift; sourceTree = "<group>"; };
		D3B836C2237F6D160048D0C1 /* ResponseModel.swift */ = {isa = PBXFileReference; lastKnownFileType = sourcecode.swift; path = ResponseModel.swift; sourceTree = "<group>"; };
		F96E00E02EFFF948919C6346 /* Pods-ListOfUsers.debug.xcconfig */ = {isa = PBXFileReference; includeInIndex = 1; lastKnownFileType = text.xcconfig; name = "Pods-ListOfUsers.debug.xcconfig"; path = "Target Support Files/Pods-ListOfUsers/Pods-ListOfUsers.debug.xcconfig"; sourceTree = "<group>"; };
/* End PBXFileReference section */

/* Begin PBXFrameworksBuildPhase section */
		D3B836A5237F62F40048D0C1 /* Frameworks */ = {
			isa = PBXFrameworksBuildPhase;
			buildActionMask = 2147483647;
			files = (
				1A1AC6CDD532FB730568DB4B /* Pods_ListOfUsers.framework in Frameworks */,
			);
			runOnlyForDeploymentPostprocessing = 0;
		};
/* End PBXFrameworksBuildPhase section */

/* Begin PBXGroup section */
		B7318E04A70E16FE94AE10A3 /* Pods */ = {
			isa = PBXGroup;
			children = (
				F96E00E02EFFF948919C6346 /* Pods-ListOfUsers.debug.xcconfig */,
				7404A3F48B216F3563DD312A /* Pods-ListOfUsers.release.xcconfig */,
			);
			path = Pods;
			sourceTree = "<group>";
		};
		D3AF41A32380757600577455 /* Network */ = {
			isa = PBXGroup;
			children = (
				D3AF41A4238075EF00577455 /* ApiRequests.swift */,
			);
			path = Network;
			sourceTree = "<group>";
		};
		D3AF41AE2380BBBD00577455 /* ViewModel */ = {
			isa = PBXGroup;
			children = (
				D3AF41AF2380BE5F00577455 /* ListUsersViewModel.swift */,
			);
			path = ViewModel;
			sourceTree = "<group>";
		};
		D3B8369F237F62F40048D0C1 = {
			isa = PBXGroup;
			children = (
				D3B836AA237F62F40048D0C1 /* ListOfUsers */,
				D3B836A9237F62F40048D0C1 /* Products */,
				B7318E04A70E16FE94AE10A3 /* Pods */,
				FFDC698645A8067980E3EB26 /* Frameworks */,
			);
			sourceTree = "<group>";
		};
		D3B836A9237F62F40048D0C1 /* Products */ = {
			isa = PBXGroup;
			children = (
				D3B836A8237F62F40048D0C1 /* ListOfUsers.app */,
			);
			name = Products;
			sourceTree = "<group>";
		};
		D3B836AA237F62F40048D0C1 /* ListOfUsers */ = {
			isa = PBXGroup;
			children = (
				D3B836AB237F62F40048D0C1 /* AppDelegate.swift */,
				D3B836AD237F62F40048D0C1 /* SceneDelegate.swift */,
				D3AF41B32380C2F600577455 /* UserPhotosManager.swift */,
				D3AF41B72380D23300577455 /* Extensions.swift */,
				D3B836C4237F6DB60048D0C1 /* Model */,
				D3AF41AE2380BBBD00577455 /* ViewModel */,
				D3B836C1237F6CEE0048D0C1 /* Views */,
				D3AF41A32380757600577455 /* Network */,
				D3B836B1237F62F40048D0C1 /* Main.storyboard */,
				D3B836B4237F62F90048D0C1 /* Assets.xcassets */,
				D3B836B6237F62F90048D0C1 /* LaunchScreen.storyboard */,
				D3B836B9237F62F90048D0C1 /* Info.plist */,
			);
			path = ListOfUsers;
			sourceTree = "<group>";
		};
		D3B836C1237F6CEE0048D0C1 /* Views */ = {
			isa = PBXGroup;
			children = (
				D3B836BF237F6CE40048D0C1 /* DetailUserViewController.swift */,
				D3B836AF237F62F40048D0C1 /* ListUsersViewController.swift */,
				D3AF41A823809F1C00577455 /* UserTableViewCell.swift */,
			);
			path = Views;
			sourceTree = "<group>";
		};
		D3B836C4237F6DB60048D0C1 /* Model */ = {
			isa = PBXGroup;
			children = (
				D3B836C2237F6D160048D0C1 /* ResponseModel.swift */,
				D3AF41B12380C2A500577455 /* UserPhoto.swift */,
			);
			path = Model;
			sourceTree = "<group>";
		};
		FFDC698645A8067980E3EB26 /* Frameworks */ = {
			isa = PBXGroup;
			children = (
				5CCE10BDD3E8EBB599A02B91 /* Pods_ListOfUsers.framework */,
			);
			name = Frameworks;
			sourceTree = "<group>";
		};
/* End PBXGroup section */

/* Begin PBXNativeTarget section */
		D3B836A7237F62F40048D0C1 /* ListOfUsers */ = {
			isa = PBXNativeTarget;
			buildConfigurationList = D3B836BC237F62F90048D0C1 /* Build configuration list for PBXNativeTarget "ListOfUsers" */;
			buildPhases = (
				33C6E557021243A686AAD66D /* [CP] Check Pods Manifest.lock */,
				D3B836A4237F62F40048D0C1 /* Sources */,
				D3B836A5237F62F40048D0C1 /* Frameworks */,
				D3B836A6237F62F40048D0C1 /* Resources */,
				8714E0E7987EA6BEEAE3573A /* [CP] Embed Pods Frameworks */,
			);
			buildRules = (
			);
			dependencies = (
			);
			name = ListOfUsers;
			productName = ListOfUsers;
			productReference = D3B836A8237F62F40048D0C1 /* ListOfUsers.app */;
			productType = "com.apple.product-type.application";
		};
/* End PBXNativeTarget section */

/* Begin PBXProject section */
		D3B836A0237F62F40048D0C1 /* Project object */ = {
			isa = PBXProject;
			attributes = {
				LastSwiftUpdateCheck = 1100;
				LastUpgradeCheck = 1100;
				ORGANIZATIONNAME = nmarkovic;
				TargetAttributes = {
					D3B836A7237F62F40048D0C1 = {
						CreatedOnToolsVersion = 11.0;
					};
				};
			};
			buildConfigurationList = D3B836A3237F62F40048D0C1 /* Build configuration list for PBXProject "ListOfUsers" */;
			compatibilityVersion = "Xcode 9.3";
			developmentRegion = en;
			hasScannedForEncodings = 0;
			knownRegions = (
				en,
				Base,
			);
			mainGroup = D3B8369F237F62F40048D0C1;
			productRefGroup = D3B836A9237F62F40048D0C1 /* Products */;
			projectDirPath = "";
			projectRoot = "";
			targets = (
				D3B836A7237F62F40048D0C1 /* ListOfUsers */,
			);
		};
/* End PBXProject section */

/* Begin PBXResourcesBuildPhase section */
		D3B836A6237F62F40048D0C1 /* Resources */ = {
			isa = PBXResourcesBuildPhase;
			buildActionMask = 2147483647;
			files = (
				D3B836B8237F62F90048D0C1 /* LaunchScreen.storyboard in Resources */,
				D3B836B5237F62F90048D0C1 /* Assets.xcassets in Resources */,
				D3B836B3237F62F40048D0C1 /* Main.storyboard in Resources */,
			);
			runOnlyForDeploymentPostprocessing = 0;
		};
/* End PBXResourcesBuildPhase section */

/* Begin PBXShellScriptBuildPhase section */
		33C6E557021243A686AAD66D /* [CP] Check Pods Manifest.lock */ = {
			isa = PBXShellScriptBuildPhase;
			buildActionMask = 2147483647;
			files = (
			);
			inputFileListPaths = (
			);
			inputPaths = (
				"${PODS_PODFILE_DIR_PATH}/Podfile.lock",
				"${PODS_ROOT}/Manifest.lock",
			);
			name = "[CP] Check Pods Manifest.lock";
			outputFileListPaths = (
			);
			outputPaths = (
				"$(DERIVED_FILE_DIR)/Pods-ListOfUsers-checkManifestLockResult.txt",
			);
			runOnlyForDeploymentPostprocessing = 0;
			shellPath = /bin/sh;
			shellScript = "diff \"${PODS_PODFILE_DIR_PATH}/Podfile.lock\" \"${PODS_ROOT}/Manifest.lock\" > /dev/null\nif [ $? != 0 ] ; then\n    # print error to STDERR\n    echo \"error: The sandbox is not in sync with the Podfile.lock. Run 'pod install' or update your CocoaPods installation.\" >&2\n    exit 1\nfi\n# This output is used by Xcode 'outputs' to avoid re-running this script phase.\necho \"SUCCESS\" > \"${SCRIPT_OUTPUT_FILE_0}\"\n";
			showEnvVarsInLog = 0;
		};
		8714E0E7987EA6BEEAE3573A /* [CP] Embed Pods Frameworks */ = {
			isa = PBXShellScriptBuildPhase;
			buildActionMask = 2147483647;
			files = (
			);
			inputFileListPaths = (
				"${PODS_ROOT}/Target Support Files/Pods-ListOfUsers/Pods-ListOfUsers-frameworks-${CONFIGURATION}-input-files.xcfilelist",
			);
			name = "[CP] Embed Pods Frameworks";
			outputFileListPaths = (
				"${PODS_ROOT}/Target Support Files/Pods-ListOfUsers/Pods-ListOfUsers-frameworks-${CONFIGURATION}-output-files.xcfilelist",
			);
			runOnlyForDeploymentPostprocessing = 0;
			shellPath = /bin/sh;
			shellScript = "\"${PODS_ROOT}/Target Support Files/Pods-ListOfUsers/Pods-ListOfUsers-frameworks.sh\"\n";
			showEnvVarsInLog = 0;
		};
/* End PBXShellScriptBuildPhase section */

/* Begin PBXSourcesBuildPhase section */
		D3B836A4237F62F40048D0C1 /* Sources */ = {
			isa = PBXSourcesBuildPhase;
			buildActionMask = 2147483647;
			files = (
				D3B836B0237F62F40048D0C1 /* ListUsersViewController.swift in Sources */,
				D3B836AC237F62F40048D0C1 /* AppDelegate.swift in Sources */,
				D3AF41B22380C2A500577455 /* UserPhoto.swift in Sources */,
				D3AF41AA23809F1C00577455 /* UserTableViewCell.swift in Sources */,
				D3AF41A5238075EF00577455 /* ApiRequests.swift in Sources */,
				D3B836C0237F6CE40048D0C1 /* DetailUserViewController.swift in Sources */,
				D3B836C3237F6D160048D0C1 /* ResponseModel.swift in Sources */,
				D3AF41B02380BE5F00577455 /* ListUsersViewModel.swift in Sources */,
				D3B836AE237F62F40048D0C1 /* SceneDelegate.swift in Sources */,
				D3AF41B82380D23300577455 /* Extensions.swift in Sources */,
				D3AF41B42380C2F600577455 /* UserPhotosManager.swift in Sources */,
			);
			runOnlyForDeploymentPostprocessing = 0;
		};
/* End PBXSourcesBuildPhase section */

/* Begin PBXVariantGroup section */
		D3B836B1237F62F40048D0C1 /* Main.storyboard */ = {
			isa = PBXVariantGroup;
			children = (
				D3B836B2237F62F40048D0C1 /* Base */,
			);
			name = Main.storyboard;
			sourceTree = "<group>";
		};
		D3B836B6237F62F90048D0C1 /* LaunchScreen.storyboard */ = {
			isa = PBXVariantGroup;
			children = (
				D3B836B7237F62F90048D0C1 /* Base */,
			);
			name = LaunchScreen.storyboard;
			sourceTree = "<group>";
		};
/* End PBXVariantGroup section */

/* Begin XCBuildConfiguration section */
		D3B836BA237F62F90048D0C1 /* Debug */ = {
			isa = XCBuildConfiguration;
			buildSettings = {
				ALWAYS_SEARCH_USER_PATHS = NO;
				CLANG_ANALYZER_NONNULL = YES;
				CLANG_ANALYZER_NUMBER_OBJECT_CONVERSION = YES_AGGRESSIVE;
				CLANG_CXX_LANGUAGE_STANDARD = "gnu++14";
				CLANG_CXX_LIBRARY = "libc++";
				CLANG_ENABLE_MODULES = YES;
				CLANG_ENABLE_OBJC_ARC = YES;
				CLANG_ENABLE_OBJC_WEAK = YES;
				CLANG_WARN_BLOCK_CAPTURE_AUTORELEASING = YES;
				CLANG_WARN_BOOL_CONVERSION = YES;
				CLANG_WARN_COMMA = YES;
				CLANG_WARN_CONSTANT_CONVERSION = YES;
				CLANG_WARN_DEPRECATED_OBJC_IMPLEMENTATIONS = YES;
				CLANG_WARN_DIRECT_OBJC_ISA_USAGE = YES_ERROR;
				CLANG_WARN_DOCUMENTATION_COMMENTS = YES;
				CLANG_WARN_EMPTY_BODY = YES;
				CLANG_WARN_ENUM_CONVERSION = YES;
				CLANG_WARN_INFINITE_RECURSION = YES;
				CLANG_WARN_INT_CONVERSION = YES;
				CLANG_WARN_NON_LITERAL_NULL_CONVERSION = YES;
				CLANG_WARN_OBJC_IMPLICIT_RETAIN_SELF = YES;
				CLANG_WARN_OBJC_LITERAL_CONVERSION = YES;
				CLANG_WARN_OBJC_ROOT_CLASS = YES_ERROR;
				CLANG_WARN_RANGE_LOOP_ANALYSIS = YES;
				CLANG_WARN_STRICT_PROTOTYPES = YES;
				CLANG_WARN_SUSPICIOUS_MOVE = YES;
				CLANG_WARN_UNGUARDED_AVAILABILITY = YES_AGGRESSIVE;
				CLANG_WARN_UNREACHABLE_CODE = YES;
				CLANG_WARN__DUPLICATE_METHOD_MATCH = YES;
				COPY_PHASE_STRIP = NO;
				DEBUG_INFORMATION_FORMAT = dwarf;
				ENABLE_STRICT_OBJC_MSGSEND = YES;
				ENABLE_TESTABILITY = YES;
				GCC_C_LANGUAGE_STANDARD = gnu11;
				GCC_DYNAMIC_NO_PIC = NO;
				GCC_NO_COMMON_BLOCKS = YES;
				GCC_OPTIMIZATION_LEVEL = 0;
				GCC_PREPROCESSOR_DEFINITIONS = (
					"DEBUG=1",
					"$(inherited)",
				);
				GCC_WARN_64_TO_32_BIT_CONVERSION = YES;
				GCC_WARN_ABOUT_RETURN_TYPE = YES_ERROR;
				GCC_WARN_UNDECLARED_SELECTOR = YES;
				GCC_WARN_UNINITIALIZED_AUTOS = YES_AGGRESSIVE;
				GCC_WARN_UNUSED_FUNCTION = YES;
				GCC_WARN_UNUSED_VARIABLE = YES;
				IPHONEOS_DEPLOYMENT_TARGET = 13.0;
				MTL_ENABLE_DEBUG_INFO = INCLUDE_SOURCE;
				MTL_FAST_MATH = YES;
				ONLY_ACTIVE_ARCH = YES;
				SDKROOT = iphoneos;
				SWIFT_ACTIVE_COMPILATION_CONDITIONS = DEBUG;
				SWIFT_OPTIMIZATION_LEVEL = "-Onone";
			};
			name = Debug;
		};
		D3B836BB237F62F90048D0C1 /* Release */ = {
			isa = XCBuildConfiguration;
			buildSettings = {
				ALWAYS_SEARCH_USER_PATHS = NO;
				CLANG_ANALYZER_NONNULL = YES;
				CLANG_ANALYZER_NUMBER_OBJECT_CONVERSION = YES_AGGRESSIVE;
				CLANG_CXX_LANGUAGE_STANDARD = "gnu++14";
				CLANG_CXX_LIBRARY = "libc++";
				CLANG_ENABLE_MODULES = YES;
				CLANG_ENABLE_OBJC_ARC = YES;
				CLANG_ENABLE_OBJC_WEAK = YES;
				CLANG_WARN_BLOCK_CAPTURE_AUTORELEASING = YES;
				CLANG_WARN_BOOL_CONVERSION = YES;
				CLANG_WARN_COMMA = YES;
				CLANG_WARN_CONSTANT_CONVERSION = YES;
				CLANG_WARN_DEPRECATED_OBJC_IMPLEMENTATIONS = YES;
				CLANG_WARN_DIRECT_OBJC_ISA_USAGE = YES_ERROR;
				CLANG_WARN_DOCUMENTATION_COMMENTS = YES;
				CLANG_WARN_EMPTY_BODY = YES;
				CLANG_WARN_ENUM_CONVERSION = YES;
				CLANG_WARN_INFINITE_RECURSION = YES;
				CLANG_WARN_INT_CONVERSION = YES;
				CLANG_WARN_NON_LITERAL_NULL_CONVERSION = YES;
				CLANG_WARN_OBJC_IMPLICIT_RETAIN_SELF = YES;
				CLANG_WARN_OBJC_LITERAL_CONVERSION = YES;
				CLANG_WARN_OBJC_ROOT_CLASS = YES_ERROR;
				CLANG_WARN_RANGE_LOOP_ANALYSIS = YES;
				CLANG_WARN_STRICT_PROTOTYPES = YES;
				CLANG_WARN_SUSPICIOUS_MOVE = YES;
				CLANG_WARN_UNGUARDED_AVAILABILITY = YES_AGGRESSIVE;
				CLANG_WARN_UNREACHABLE_CODE = YES;
				CLANG_WARN__DUPLICATE_METHOD_MATCH = YES;
				COPY_PHASE_STRIP = NO;
				DEBUG_INFORMATION_FORMAT = "dwarf-with-dsym";
				ENABLE_NS_ASSERTIONS = NO;
				ENABLE_STRICT_OBJC_MSGSEND = YES;
				GCC_C_LANGUAGE_STANDARD = gnu11;
				GCC_NO_COMMON_BLOCKS = YES;
				GCC_WARN_64_TO_32_BIT_CONVERSION = YES;
				GCC_WARN_ABOUT_RETURN_TYPE = YES_ERROR;
				GCC_WARN_UNDECLARED_SELECTOR = YES;
				GCC_WARN_UNINITIALIZED_AUTOS = YES_AGGRESSIVE;
				GCC_WARN_UNUSED_FUNCTION = YES;
				GCC_WARN_UNUSED_VARIABLE = YES;
				IPHONEOS_DEPLOYMENT_TARGET = 13.0;
				MTL_ENABLE_DEBUG_INFO = NO;
				MTL_FAST_MATH = YES;
				SDKROOT = iphoneos;
				SWIFT_COMPILATION_MODE = wholemodule;
				SWIFT_OPTIMIZATION_LEVEL = "-O";
				VALIDATE_PRODUCT = YES;
			};
			name = Release;
		};
		D3B836BD237F62F90048D0C1 /* Debug */ = {
			isa = XCBuildConfiguration;
			baseConfigurationReference = F96E00E02EFFF948919C6346 /* Pods-ListOfUsers.debug.xcconfig */;
			buildSettings = {
				ASSETCATALOG_COMPILER_APPICON_NAME = AppIcon;
				CODE_SIGN_STYLE = Automatic;
				DEVELOPMENT_TEAM = Z9L3G5X4AJ;
				INFOPLIST_FILE = ListOfUsers/Info.plist;
				LD_RUNPATH_SEARCH_PATHS = (
					"$(inherited)",
					"@executable_path/Frameworks",
				);
				PRODUCT_BUNDLE_IDENTIFIER = nm.ListOfUsers;
				PRODUCT_NAME = "$(TARGET_NAME)";
				SWIFT_VERSION = 5.0;
				TARGETED_DEVICE_FAMILY = "1,2";
			};
			name = Debug;
		};
		D3B836BE237F62F90048D0C1 /* Release */ = {
			isa = XCBuildConfiguration;
			baseConfigurationReference = 7404A3F48B216F3563DD312A /* Pods-ListOfUsers.release.xcconfig */;
			buildSettings = {
				ASSETCATALOG_COMPILER_APPICON_NAME = AppIcon;
				CODE_SIGN_STYLE = Automatic;
				DEVELOPMENT_TEAM = Z9L3G5X4AJ;
				INFOPLIST_FILE = ListOfUsers/Info.plist;
				LD_RUNPATH_SEARCH_PATHS = (
					"$(inherited)",
					"@executable_path/Frameworks",
				);
				PRODUCT_BUNDLE_IDENTIFIER = nm.ListOfUsers;
				PRODUCT_NAME = "$(TARGET_NAME)";
				SWIFT_VERSION = 5.0;
				TARGETED_DEVICE_FAMILY = "1,2";
			};
			name = Release;
		};
/* End XCBuildConfiguration section */

/* Begin XCConfigurationList section */
		D3B836A3237F62F40048D0C1 /* Build configuration list for PBXProject "ListOfUsers" */ = {
			isa = XCConfigurationList;
			buildConfigurations = (
				D3B836BA237F62F90048D0C1 /* Debug */,
				D3B836BB237F62F90048D0C1 /* Release */,
			);
			defaultConfigurationIsVisible = 0;
			defaultConfigurationName = Release;
		};
		D3B836BC237F62F90048D0C1 /* Build configuration list for PBXNativeTarget "ListOfUsers" */ = {
			isa = XCConfigurationList;
			buildConfigurations = (
				D3B836BD237F62F90048D0C1 /* Debug */,
				D3B836BE237F62F90048D0C1 /* Release */,
			);
			defaultConfigurationIsVisible = 0;
			defaultConfigurationName = Release;
		};
/* End XCConfigurationList section */
	};
	rootObject = D3B836A0237F62F40048D0C1 /* Project object */;
}
